
Microsoft Visual Studio Solution File, Format Version 12.00
# Visual Studio Version 17
VisualStudioVersion = 17.2.32602.215
MinimumVisualStudioVersion = 10.0.40219.1
Project("{FAE04EC0-301F-11D3-BF4B-00C04F79EFBC}") = "SOSOTaskPlanning", "SOSOTaskPlanning\SOSOTaskPlanning.csproj", "{DC236FE0-10CA-416A-A774-59E67396F267}"
EndProject
Project("{FAE04EC0-301F-11D3-BF4B-00C04F79EFBC}") = "SOSOTaskPlanningMTest", "SOSOTaskPlanningMTest\SOSOTaskPlanningMTest.csproj", "{187EE2D3-06FC-4ABB-ABE8-F1A8B10E7EC2}"
EndProject
Global
	GlobalSection(SolutionConfigurationPlatforms) = preSolution
		Debug|Any CPU = Debug|Any CPU
		Release|Any CPU = Release|Any CPU
	EndGlobalSection
	GlobalSection(ProjectConfigurationPlatforms) = postSolution
		{DC236FE0-10CA-416A-A774-59E67396F267}.Debug|Any CPU.ActiveCfg = Debug|Any CPU
		{DC236FE0-10CA-416A-A774-59E67396F267}.Debug|Any CPU.Build.0 = Debug|Any CPU
		{DC236FE0-10CA-416A-A774-59E67396F267}.Release|Any CPU.ActiveCfg = Release|Any CPU
		{DC236FE0-10CA-416A-A774-59E67396F267}.Release|Any CPU.Build.0 = Release|Any CPU
		{187EE2D3-06FC-4ABB-ABE8-F1A8B10E7EC2}.Debug|Any CPU.ActiveCfg = Debug|Any CPU
		{187EE2D3-06FC-4ABB-ABE8-F1A8B10E7EC2}.Debug|Any CPU.Build.0 = Debug|Any CPU
		{187EE2D3-06FC-4ABB-ABE8-F1A8B10E7EC2}.Release|Any CPU.ActiveCfg = Release|Any CPU
		{187EE2D3-06FC-4ABB-ABE8-F1A8B10E7EC2}.Release|Any CPU.Build.0 = Release|Any CPU
	EndGlobalSection
	GlobalSection(SolutionProperties) = preSolution
		HideSolutionNode = FALSE
	EndGlobalSection
	GlobalSection(ExtensibilityGlobals) = postSolution
		SolutionGuid = {26799339-6CF7-4FFA-B101-E8DED98791D7}
	EndGlobalSection
EndGlobal
